
Microsoft Visual Studio Solution File, Format Version 12.00
# Visual Studio Version 16
VisualStudioVersion = 16.0.32602.291
MinimumVisualStudioVersion = 10.0.40219.1
Project("{8BC9CEB8-8B4A-11D0-8D11-00A0C91BC942}") = "doublepassword", "doublepassword\doublepassword.vcxproj", "{BDFD9E8B-63DF-48FD-9A29-5992764618A4}"
EndProject
Global
	GlobalSection(SolutionConfigurationPlatforms) = preSolution
		Debug|x64 = Debug|x64
		Debug|x86 = Debug|x86
		Release|x64 = Release|x64
		Release|x86 = Release|x86
	EndGlobalSection
	GlobalSection(ProjectConfigurationPlatforms) = postSolution
		{BDFD9E8B-63DF-48FD-9A29-5992764618A4}.Debug|x64.ActiveCfg = Debug|x64
		{BDFD9E8B-63DF-48FD-9A29-5992764618A4}.Debug|x64.Build.0 = Debug|x64
		{BDFD9E8B-63DF-48FD-9A29-5992764618A4}.Debug|x86.ActiveCfg = Debug|Win32
		{BDFD9E8B-63DF-48FD-9A29-5992764618A4}.Debug|x86.Build.0 = Debug|Win32
		{BDFD9E8B-63DF-48FD-9A29-5992764618A4}.Release|x64.ActiveCfg = Release|x64
		{BDFD9E8B-63DF-48FD-9A29-5992764618A4}.Release|x64.Build.0 = Release|x64
		{BDFD9E8B-63DF-48FD-9A29-5992764618A4}.Release|x86.ActiveCfg = Release|Win32
		{BDFD9E8B-63DF-48FD-9A29-5992764618A4}.Release|x86.Build.0 = Release|Win32
	EndGlobalSection
	GlobalSection(SolutionProperties) = preSolution
		HideSolutionNode = FALSE
	EndGlobalSection
	GlobalSection(ExtensibilityGlobals) = postSolution
		SolutionGuid = {FB40EFAD-AAE3-4AD7-8C7D-75E7CE3505CB}
	EndGlobalSection
EndGlobal
