
Microsoft Visual Studio Solution File, Format Version 12.00
# Visual Studio Version 16
VisualStudioVersion = 16.0.29418.71
MinimumVisualStudioVersion = 10.0.40219.1
Project("{8BC9CEB8-8B4A-11D0-8D11-00A0C91BC942}") = "ProbHa", "ProbHa\ProbHa.vcxproj", "{D1EED2CD-3EEE-4338-8247-B6A67C9BBFEE}"
EndProject
Global
	GlobalSection(SolutionConfigurationPlatforms) = preSolution
		Debug|x64 = Debug|x64
		Debug|x86 = Debug|x86
		Release|x64 = Release|x64
		Release|x86 = Release|x86
	EndGlobalSection
	GlobalSection(ProjectConfigurationPlatforms) = postSolution
		{D1EED2CD-3EEE-4338-8247-B6A67C9BBFEE}.Debug|x64.ActiveCfg = Debug|x64
		{D1EED2CD-3EEE-4338-8247-B6A67C9BBFEE}.Debug|x64.Build.0 = Debug|x64
		{D1EED2CD-3EEE-4338-8247-B6A67C9BBFEE}.Debug|x86.ActiveCfg = Debug|Win32
		{D1EED2CD-3EEE-4338-8247-B6A67C9BBFEE}.Debug|x86.Build.0 = Debug|Win32
		{D1EED2CD-3EEE-4338-8247-B6A67C9BBFEE}.Release|x64.ActiveCfg = Release|x64
		{D1EED2CD-3EEE-4338-8247-B6A67C9BBFEE}.Release|x64.Build.0 = Release|x64
		{D1EED2CD-3EEE-4338-8247-B6A67C9BBFEE}.Release|x86.ActiveCfg = Release|Win32
		{D1EED2CD-3EEE-4338-8247-B6A67C9BBFEE}.Release|x86.Build.0 = Release|Win32
	EndGlobalSection
	GlobalSection(SolutionProperties) = preSolution
		HideSolutionNode = FALSE
	EndGlobalSection
	GlobalSection(ExtensibilityGlobals) = postSolution
		SolutionGuid = {1A889DB3-CD89-4CC5-BF0D-2CD37340FD1D}
	EndGlobalSection
EndGlobal
